{
  "name": "Flashcard",
  "version": "1.0.0",
  "lockfileVersion": 2,
  "requires": true,
  "packages": {
    "": {
      "version": "1.0.0",
      "devDependencies": {
        "@figma/plugin-typings": "*",
        "@figma/widget-typings": "*",
        "typescript": "*"
      }
    },
    "node_modules/@figma/plugin-typings": {
      "version": "1.41.1",
      "resolved": "https://registry.npmjs.org/@figma/plugin-typings/-/plugin-typings-1.41.1.tgz",
      "integrity": "sha512-Cw8iTllj7Lv8cZIQ9zz82SbV3jqqXjTxiziyRP+/FiO+IphF0fGFgbzITE5bSYcn/T/wkkWn9hydJKU57eD51g==",
      "dev": true
    },
    "node_modules/@figma/widget-typings": {
      "version": "1.0.3",
      "resolved": "https://registry.npmjs.org/@figma/widget-typings/-/widget-typings-1.0.3.tgz",
      "integrity": "sha512-U+Soes4ICacHs/BdDTmxzdn4YoNOzBfca+UbaqnGB9DEP+Kpxcx9q00RmHoat36ZhlZ6rc1Vk7bug0RZVjmpbQ==",
      "dev": true,
      "peerDependencies": {
        "@figma/plugin-typings": "1.x"
      }
    },
    "node_modules/typescript": {
      "version": "4.5.5",
      "resolved": "https://registry.npmjs.org/typescript/-/typescript-4.5.5.tgz",
      "integrity": "sha512-TCTIul70LyWe6IJWT8QSYeA54WQe8EjQFU4wY52Fasj5UKx88LNYKCgBEHcOMOrFF1rKGbD8v/xcNWVUq9SymA==",
      "dev": true,
      "bin": {
        "tsc": "bin/tsc",
        "tsserver": "bin/tsserver"
      },
      "engines": {
        "node": ">=4.2.0"
      }
    }
  },
  "dependencies": {
    "@figma/plugin-typings": {
      "version": "1.41.1",
      "resolved": "https://registry.npmjs.org/@figma/plugin-typings/-/plugin-typings-1.41.1.tgz",
      "integrity": "sha512-Cw8iTllj7Lv8cZIQ9zz82SbV3jqqXjTxiziyRP+/FiO+IphF0fGFgbzITE5bSYcn/T/wkkWn9hydJKU57eD51g==",
      "dev": true
    },
    "@figma/widget-typings": {
      "version": "1.0.3",
      "resolved": "https://registry.npmjs.org/@figma/widget-typings/-/widget-typings-1.0.3.tgz",
      "integrity": "sha512-U+Soes4ICacHs/BdDTmxzdn4YoNOzBfca+UbaqnGB9DEP+Kpxcx9q00RmHoat36ZhlZ6rc1Vk7bug0RZVjmpbQ==",
      "dev": true,
      "requires": {}
    },
    "typescript": {
      "version": "4.5.5",
      "resolved": "https://registry.npmjs.org/typescript/-/typescript-4.5.5.tgz",
      "integrity": "sha512-TCTIul70LyWe6IJWT8QSYeA54WQe8EjQFU4wY52Fasj5UKx88LNYKCgBEHcOMOrFF1rKGbD8v/xcNWVUq9SymA==",
      "dev": true
    }
  }
}
